
Microsoft Visual Studio Solution File, Format Version 12.00
# Visual Studio Version 16
VisualStudioVersion = 16.0.29009.5
MinimumVisualStudioVersion = 10.0.40219.1
Project("{FAE04EC0-301F-11D3-BF4B-00C04F79EFBC}") = "CableTest", "CableTest\CableTest.csproj", "{15F6F5F6-36F5-4600-B23D-E85AD0B93BBB}"
EndProject
Global
	GlobalSection(SolutionConfigurationPlatforms) = preSolution
		Debug|Any CPU = Debug|Any CPU
		Release|Any CPU = Release|Any CPU
	EndGlobalSection
	GlobalSection(ProjectConfigurationPlatforms) = postSolution
		{15F6F5F6-36F5-4600-B23D-E85AD0B93BBB}.Debug|Any CPU.ActiveCfg = Debug|Any CPU
		{15F6F5F6-36F5-4600-B23D-E85AD0B93BBB}.Debug|Any CPU.Build.0 = Debug|Any CPU
		{15F6F5F6-36F5-4600-B23D-E85AD0B93BBB}.Release|Any CPU.ActiveCfg = Release|Any CPU
		{15F6F5F6-36F5-4600-B23D-E85AD0B93BBB}.Release|Any CPU.Build.0 = Release|Any CPU
	EndGlobalSection
	GlobalSection(SolutionProperties) = preSolution
		HideSolutionNode = FALSE
	EndGlobalSection
	GlobalSection(ExtensibilityGlobals) = postSolution
		SolutionGuid = {D6FD9069-10B6-4F8C-B21E-6226928F7DA7}
	EndGlobalSection
EndGlobal
